# This file was autogenerated by Stack.
# You should not edit this file by hand.
# For more information, please see the documentation at:
#   https://docs.haskellstack.org/en/stable/topics/lock_files

packages:
- completed:
    hackage: libmodbus-1.1.4@sha256:342a2d487dc2fe3e0be53e1e8d83b6dbe089e39d17af201d597ee1dbf084c319,839
    pantry-tree:
      sha256: 9adc5f96420919074f588e9e0f7a49d2b9b9eb9fd7f95206238c7824cdd7ff1f
      size: 303
  original:
    hackage: libmodbus-1.1.4
snapshots:
- completed:
    sha256: a81fb3877c4f9031e1325eb3935122e608d80715dc16b586eb11ddbff8671ecd
    size: 640086
    url: https://raw.githubusercontent.com/commercialhaskell/stackage-snapshots/master/lts/21/25.yaml
  original: lts-21.25
